
Microsoft Visual Studio Solution File, Format Version 12.00
# Visual Studio 2013
VisualStudioVersion = 12.0.30501.0
MinimumVisualStudioVersion = 10.0.40219.1
Project("{FAE04EC0-301F-11D3-BF4B-00C04F79EFBC}") = "Grafo_Hamiltoniano", "Grafo_Hamiltoniano\Grafo_Hamiltoniano.csproj", "{6892DB5D-318A-4A2C-AE66-E7777653147F}"
EndProject
Global
	GlobalSection(SolutionConfigurationPlatforms) = preSolution
		Debug|Any CPU = Debug|Any CPU
		Release|Any CPU = Release|Any CPU
	EndGlobalSection
	GlobalSection(ProjectConfigurationPlatforms) = postSolution
		{6892DB5D-318A-4A2C-AE66-E7777653147F}.Debug|Any CPU.ActiveCfg = Debug|Any CPU
		{6892DB5D-318A-4A2C-AE66-E7777653147F}.Debug|Any CPU.Build.0 = Debug|Any CPU
		{6892DB5D-318A-4A2C-AE66-E7777653147F}.Release|Any CPU.ActiveCfg = Release|Any CPU
		{6892DB5D-318A-4A2C-AE66-E7777653147F}.Release|Any CPU.Build.0 = Release|Any CPU
	EndGlobalSection
	GlobalSection(SolutionProperties) = preSolution
		HideSolutionNode = FALSE
	EndGlobalSection
EndGlobal
